
Microsoft Visual Studio Solution File, Format Version 12.00
# Visual Studio Version 16
VisualStudioVersion = 16.0.30114.105
MinimumVisualStudioVersion = 10.0.40219.1
Project("{2150E333-8FDC-42A3-9474-1A3956D46DE8}") = "API", "API", "{C7E916E4-63A0-415A-B897-8A0EC41AD313}"
EndProject
Project("{FAE04EC0-301F-11D3-BF4B-00C04F79EFBC}") = "APIFramework.API", "APIFramework.API\APIFramework.API.csproj", "{560EA0AF-3FF2-4DA1-B1F3-28B66AF02A98}"
EndProject
Project("{2150E333-8FDC-42A3-9474-1A3956D46DE8}") = "Business", "Business", "{1C430893-9C1F-435A-85FD-019C4899B384}"
EndProject
Project("{FAE04EC0-301F-11D3-BF4B-00C04F79EFBC}") = "APIFramework.Business", "APIFramework.Business\APIFramework.Business.csproj", "{CCADEC12-353F-4C1F-87FC-D0BAA9383837}"
EndProject
Project("{2150E333-8FDC-42A3-9474-1A3956D46DE8}") = "Data", "Data", "{942CAC91-C4A2-40E6-A1E1-39B287480B77}"
EndProject
Project("{FAE04EC0-301F-11D3-BF4B-00C04F79EFBC}") = "APIFramework.Data", "APIFramework.Data\APIFramework.Data.csproj", "{2675D337-C3C8-4EE2-A65E-CA705D724424}"
EndProject
Project("{2150E333-8FDC-42A3-9474-1A3956D46DE8}") = "Interfaces", "Interfaces", "{2E882A36-A848-4E4B-A738-8B2BDE71DF88}"
EndProject
Project("{FAE04EC0-301F-11D3-BF4B-00C04F79EFBC}") = "APIFramework.Interfaces", "APIFramework.Interfaces\APIFramework.Interfaces.csproj", "{BCA586F8-5163-4ACD-80B6-121B768F01DE}"
EndProject
Project("{2150E333-8FDC-42A3-9474-1A3956D46DE8}") = "Mock", "Mock", "{A263962E-1EE5-42AB-AB3B-1EF6EF40DD55}"
EndProject
Project("{FAE04EC0-301F-11D3-BF4B-00C04F79EFBC}") = "APIFramework.Mock.Business", "APIFramework.Mock.Business\APIFramework.Mock.Business.csproj", "{C95D3F03-D743-4CB4-AAA6-94845DAF2D05}"
EndProject
Project("{FAE04EC0-301F-11D3-BF4B-00C04F79EFBC}") = "APIFramework.MockData", "APIFramework.MockData\APIFramework.MockData.csproj", "{4C4F2896-A8BE-426A-A414-467F344E9FDF}"
EndProject
Project("{2150E333-8FDC-42A3-9474-1A3956D46DE8}") = "Models", "Models", "{B606EC77-E188-4DDA-8775-D6FC8C3446E4}"
EndProject
Project("{FAE04EC0-301F-11D3-BF4B-00C04F79EFBC}") = "APIFramework.Models", "APIFramework.Models\APIFramework.Models.csproj", "{35FE5E73-7D4D-4B11-AC84-58E58BF6D4AB}"
EndProject
Project("{2150E333-8FDC-42A3-9474-1A3956D46DE8}") = "UnitTests", "UnitTests", "{866C941B-9AE8-4F23-8F83-C4AAA6DFA428}"
EndProject
Project("{FAE04EC0-301F-11D3-BF4B-00C04F79EFBC}") = "APIFramework.UnitTests.Business", "APIFramework.UnitTests.Business\APIFramework.UnitTests.Business.csproj", "{4098CDA9-0A70-4B6E-B18E-EFDAE1A8D052}"
EndProject
Project("{FAE04EC0-301F-11D3-BF4B-00C04F79EFBC}") = "APIFramework.UnitTests.Data", "APIFramework.UnitTests.Data\APIFramework.UnitTests.Data.csproj", "{976C463F-B7F9-4E6D-A378-B43073D04068}"
EndProject
Global
	GlobalSection(SolutionConfigurationPlatforms) = preSolution
		Debug|Any CPU = Debug|Any CPU
		Release|Any CPU = Release|Any CPU
	EndGlobalSection
	GlobalSection(SolutionProperties) = preSolution
		HideSolutionNode = FALSE
	EndGlobalSection
	GlobalSection(ProjectConfigurationPlatforms) = postSolution
		{560EA0AF-3FF2-4DA1-B1F3-28B66AF02A98}.Debug|Any CPU.ActiveCfg = Debug|Any CPU
		{560EA0AF-3FF2-4DA1-B1F3-28B66AF02A98}.Debug|Any CPU.Build.0 = Debug|Any CPU
		{560EA0AF-3FF2-4DA1-B1F3-28B66AF02A98}.Release|Any CPU.ActiveCfg = Release|Any CPU
		{560EA0AF-3FF2-4DA1-B1F3-28B66AF02A98}.Release|Any CPU.Build.0 = Release|Any CPU
		{CCADEC12-353F-4C1F-87FC-D0BAA9383837}.Debug|Any CPU.ActiveCfg = Debug|Any CPU
		{CCADEC12-353F-4C1F-87FC-D0BAA9383837}.Debug|Any CPU.Build.0 = Debug|Any CPU
		{CCADEC12-353F-4C1F-87FC-D0BAA9383837}.Release|Any CPU.ActiveCfg = Release|Any CPU
		{CCADEC12-353F-4C1F-87FC-D0BAA9383837}.Release|Any CPU.Build.0 = Release|Any CPU
		{2675D337-C3C8-4EE2-A65E-CA705D724424}.Debug|Any CPU.ActiveCfg = Debug|Any CPU
		{2675D337-C3C8-4EE2-A65E-CA705D724424}.Debug|Any CPU.Build.0 = Debug|Any CPU
		{2675D337-C3C8-4EE2-A65E-CA705D724424}.Release|Any CPU.ActiveCfg = Release|Any CPU
		{2675D337-C3C8-4EE2-A65E-CA705D724424}.Release|Any CPU.Build.0 = Release|Any CPU
		{BCA586F8-5163-4ACD-80B6-121B768F01DE}.Debug|Any CPU.ActiveCfg = Debug|Any CPU
		{BCA586F8-5163-4ACD-80B6-121B768F01DE}.Debug|Any CPU.Build.0 = Debug|Any CPU
		{BCA586F8-5163-4ACD-80B6-121B768F01DE}.Release|Any CPU.ActiveCfg = Release|Any CPU
		{BCA586F8-5163-4ACD-80B6-121B768F01DE}.Release|Any CPU.Build.0 = Release|Any CPU
		{C95D3F03-D743-4CB4-AAA6-94845DAF2D05}.Debug|Any CPU.ActiveCfg = Debug|Any CPU
		{C95D3F03-D743-4CB4-AAA6-94845DAF2D05}.Debug|Any CPU.Build.0 = Debug|Any CPU
		{C95D3F03-D743-4CB4-AAA6-94845DAF2D05}.Release|Any CPU.ActiveCfg = Release|Any CPU
		{C95D3F03-D743-4CB4-AAA6-94845DAF2D05}.Release|Any CPU.Build.0 = Release|Any CPU
		{4C4F2896-A8BE-426A-A414-467F344E9FDF}.Debug|Any CPU.ActiveCfg = Debug|Any CPU
		{4C4F2896-A8BE-426A-A414-467F344E9FDF}.Debug|Any CPU.Build.0 = Debug|Any CPU
		{4C4F2896-A8BE-426A-A414-467F344E9FDF}.Release|Any CPU.ActiveCfg = Release|Any CPU
		{4C4F2896-A8BE-426A-A414-467F344E9FDF}.Release|Any CPU.Build.0 = Release|Any CPU
		{35FE5E73-7D4D-4B11-AC84-58E58BF6D4AB}.Debug|Any CPU.ActiveCfg = Debug|Any CPU
		{35FE5E73-7D4D-4B11-AC84-58E58BF6D4AB}.Debug|Any CPU.Build.0 = Debug|Any CPU
		{35FE5E73-7D4D-4B11-AC84-58E58BF6D4AB}.Release|Any CPU.ActiveCfg = Release|Any CPU
		{35FE5E73-7D4D-4B11-AC84-58E58BF6D4AB}.Release|Any CPU.Build.0 = Release|Any CPU
		{4098CDA9-0A70-4B6E-B18E-EFDAE1A8D052}.Debug|Any CPU.ActiveCfg = Debug|Any CPU
		{4098CDA9-0A70-4B6E-B18E-EFDAE1A8D052}.Debug|Any CPU.Build.0 = Debug|Any CPU
		{4098CDA9-0A70-4B6E-B18E-EFDAE1A8D052}.Release|Any CPU.ActiveCfg = Release|Any CPU
		{4098CDA9-0A70-4B6E-B18E-EFDAE1A8D052}.Release|Any CPU.Build.0 = Release|Any CPU
		{976C463F-B7F9-4E6D-A378-B43073D04068}.Debug|Any CPU.ActiveCfg = Debug|Any CPU
		{976C463F-B7F9-4E6D-A378-B43073D04068}.Debug|Any CPU.Build.0 = Debug|Any CPU
		{976C463F-B7F9-4E6D-A378-B43073D04068}.Release|Any CPU.ActiveCfg = Release|Any CPU
		{976C463F-B7F9-4E6D-A378-B43073D04068}.Release|Any CPU.Build.0 = Release|Any CPU
	EndGlobalSection
	GlobalSection(NestedProjects) = preSolution
		{560EA0AF-3FF2-4DA1-B1F3-28B66AF02A98} = {C7E916E4-63A0-415A-B897-8A0EC41AD313}
		{CCADEC12-353F-4C1F-87FC-D0BAA9383837} = {1C430893-9C1F-435A-85FD-019C4899B384}
		{2675D337-C3C8-4EE2-A65E-CA705D724424} = {942CAC91-C4A2-40E6-A1E1-39B287480B77}
		{BCA586F8-5163-4ACD-80B6-121B768F01DE} = {2E882A36-A848-4E4B-A738-8B2BDE71DF88}
		{C95D3F03-D743-4CB4-AAA6-94845DAF2D05} = {A263962E-1EE5-42AB-AB3B-1EF6EF40DD55}
		{4C4F2896-A8BE-426A-A414-467F344E9FDF} = {A263962E-1EE5-42AB-AB3B-1EF6EF40DD55}
		{35FE5E73-7D4D-4B11-AC84-58E58BF6D4AB} = {B606EC77-E188-4DDA-8775-D6FC8C3446E4}
		{4098CDA9-0A70-4B6E-B18E-EFDAE1A8D052} = {866C941B-9AE8-4F23-8F83-C4AAA6DFA428}
		{976C463F-B7F9-4E6D-A378-B43073D04068} = {866C941B-9AE8-4F23-8F83-C4AAA6DFA428}
	EndGlobalSection
EndGlobal
