
Microsoft Visual Studio Solution File, Format Version 12.00
# Visual Studio 15
VisualStudioVersion = 15.0.26124.0
MinimumVisualStudioVersion = 15.0.26124.0
Project("{2150E333-8FDC-42A3-9474-1A3956D46DE8}") = "API", "API", "{FCE13983-E3AC-4A72-8A77-EEBB7FFF1EF6}"
EndProject
Project("{FAE04EC0-301F-11D3-BF4B-00C04F79EFBC}") = "APIFramework.API", "APIFramework.API\APIFramework.API.csproj", "{1ADB2163-E715-4FCE-B2AE-C745E9BDDAC1}"
EndProject
Project("{2150E333-8FDC-42A3-9474-1A3956D46DE8}") = "Business", "Business", "{79F7C901-9315-484F-A575-E0F1D65B1BCE}"
EndProject
Project("{FAE04EC0-301F-11D3-BF4B-00C04F79EFBC}") = "APIFramework.Business", "APIFramework.Business\APIFramework.Business.csproj", "{E270AA44-8009-40DD-A15D-E6BAFC642C39}"
EndProject
Project("{2150E333-8FDC-42A3-9474-1A3956D46DE8}") = "Data", "Data", "{44CA5439-9907-4FB5-ACA7-992989C81D10}"
EndProject
Project("{FAE04EC0-301F-11D3-BF4B-00C04F79EFBC}") = "APIFramework.Data", "APIFramework.Data\APIFramework.Data.csproj", "{4E17425A-2149-4817-B7D8-97FCD8F183F5}"
EndProject
Project("{2150E333-8FDC-42A3-9474-1A3956D46DE8}") = "Interfaces", "Interfaces", "{35809364-654E-4258-9746-E154912E60F6}"
EndProject
Project("{FAE04EC0-301F-11D3-BF4B-00C04F79EFBC}") = "APIFramework.Interfaces", "APIFramework.Interfaces\APIFramework.Interfaces.csproj", "{C98BDDE8-AF52-4B4D-A386-BE7ED67C4A13}"
EndProject
Project("{2150E333-8FDC-42A3-9474-1A3956D46DE8}") = "MockData", "MockData", "{DFF162B4-450A-422B-AE4F-B4B26FE86CC1}"
EndProject
Project("{FAE04EC0-301F-11D3-BF4B-00C04F79EFBC}") = "APIFramework.MockData", "APIFramework.MockData\APIFramework.MockData.csproj", "{CE4CBC09-1E9C-41C6-813A-AC59C83CDB37}"
EndProject
Project("{2150E333-8FDC-42A3-9474-1A3956D46DE8}") = "Models", "Models", "{C36294E1-96EC-448C-9D63-231BFFA0DCED}"
EndProject
Project("{FAE04EC0-301F-11D3-BF4B-00C04F79EFBC}") = "APIFramework.Models", "APIFramework.Models\APIFramework.Models.csproj", "{9403A9C2-79B8-40AE-9AEB-9FEE0499327A}"
EndProject
Project("{2150E333-8FDC-42A3-9474-1A3956D46DE8}") = "UnitTests", "UnitTests", "{339856F4-8B7D-4019-834F-3D0EB5595367}"
EndProject
Project("{FAE04EC0-301F-11D3-BF4B-00C04F79EFBC}") = "APIFramework.UnitTests.Business", "APIFramework.UnitTests.Business\APIFramework.UnitTests.Business.csproj", "{BCF970CC-5E2B-4973-8BC7-ACC84DC3723B}"
EndProject
Project("{FAE04EC0-301F-11D3-BF4B-00C04F79EFBC}") = "APIFramework.UnitTests.Data", "APIFramework.UnitTests.Data\APIFramework.UnitTests.Data.csproj", "{85938F3C-C336-4AA3-A676-2119F1741DE7}"
EndProject
Global
	GlobalSection(SolutionConfigurationPlatforms) = preSolution
		Debug|Any CPU = Debug|Any CPU
		Debug|x64 = Debug|x64
		Debug|x86 = Debug|x86
		Release|Any CPU = Release|Any CPU
		Release|x64 = Release|x64
		Release|x86 = Release|x86
	EndGlobalSection
	GlobalSection(SolutionProperties) = preSolution
		HideSolutionNode = FALSE
	EndGlobalSection
	GlobalSection(ProjectConfigurationPlatforms) = postSolution
		{1ADB2163-E715-4FCE-B2AE-C745E9BDDAC1}.Debug|Any CPU.ActiveCfg = Debug|Any CPU
		{1ADB2163-E715-4FCE-B2AE-C745E9BDDAC1}.Debug|Any CPU.Build.0 = Debug|Any CPU
		{1ADB2163-E715-4FCE-B2AE-C745E9BDDAC1}.Debug|x64.ActiveCfg = Debug|Any CPU
		{1ADB2163-E715-4FCE-B2AE-C745E9BDDAC1}.Debug|x64.Build.0 = Debug|Any CPU
		{1ADB2163-E715-4FCE-B2AE-C745E9BDDAC1}.Debug|x86.ActiveCfg = Debug|Any CPU
		{1ADB2163-E715-4FCE-B2AE-C745E9BDDAC1}.Debug|x86.Build.0 = Debug|Any CPU
		{1ADB2163-E715-4FCE-B2AE-C745E9BDDAC1}.Release|Any CPU.ActiveCfg = Release|Any CPU
		{1ADB2163-E715-4FCE-B2AE-C745E9BDDAC1}.Release|Any CPU.Build.0 = Release|Any CPU
		{1ADB2163-E715-4FCE-B2AE-C745E9BDDAC1}.Release|x64.ActiveCfg = Release|Any CPU
		{1ADB2163-E715-4FCE-B2AE-C745E9BDDAC1}.Release|x64.Build.0 = Release|Any CPU
		{1ADB2163-E715-4FCE-B2AE-C745E9BDDAC1}.Release|x86.ActiveCfg = Release|Any CPU
		{1ADB2163-E715-4FCE-B2AE-C745E9BDDAC1}.Release|x86.Build.0 = Release|Any CPU
		{E270AA44-8009-40DD-A15D-E6BAFC642C39}.Debug|Any CPU.ActiveCfg = Debug|Any CPU
		{E270AA44-8009-40DD-A15D-E6BAFC642C39}.Debug|Any CPU.Build.0 = Debug|Any CPU
		{E270AA44-8009-40DD-A15D-E6BAFC642C39}.Debug|x64.ActiveCfg = Debug|Any CPU
		{E270AA44-8009-40DD-A15D-E6BAFC642C39}.Debug|x64.Build.0 = Debug|Any CPU
		{E270AA44-8009-40DD-A15D-E6BAFC642C39}.Debug|x86.ActiveCfg = Debug|Any CPU
		{E270AA44-8009-40DD-A15D-E6BAFC642C39}.Debug|x86.Build.0 = Debug|Any CPU
		{E270AA44-8009-40DD-A15D-E6BAFC642C39}.Release|Any CPU.ActiveCfg = Release|Any CPU
		{E270AA44-8009-40DD-A15D-E6BAFC642C39}.Release|Any CPU.Build.0 = Release|Any CPU
		{E270AA44-8009-40DD-A15D-E6BAFC642C39}.Release|x64.ActiveCfg = Release|Any CPU
		{E270AA44-8009-40DD-A15D-E6BAFC642C39}.Release|x64.Build.0 = Release|Any CPU
		{E270AA44-8009-40DD-A15D-E6BAFC642C39}.Release|x86.ActiveCfg = Release|Any CPU
		{E270AA44-8009-40DD-A15D-E6BAFC642C39}.Release|x86.Build.0 = Release|Any CPU
		{4E17425A-2149-4817-B7D8-97FCD8F183F5}.Debug|Any CPU.ActiveCfg = Debug|Any CPU
		{4E17425A-2149-4817-B7D8-97FCD8F183F5}.Debug|Any CPU.Build.0 = Debug|Any CPU
		{4E17425A-2149-4817-B7D8-97FCD8F183F5}.Debug|x64.ActiveCfg = Debug|Any CPU
		{4E17425A-2149-4817-B7D8-97FCD8F183F5}.Debug|x64.Build.0 = Debug|Any CPU
		{4E17425A-2149-4817-B7D8-97FCD8F183F5}.Debug|x86.ActiveCfg = Debug|Any CPU
		{4E17425A-2149-4817-B7D8-97FCD8F183F5}.Debug|x86.Build.0 = Debug|Any CPU
		{4E17425A-2149-4817-B7D8-97FCD8F183F5}.Release|Any CPU.ActiveCfg = Release|Any CPU
		{4E17425A-2149-4817-B7D8-97FCD8F183F5}.Release|Any CPU.Build.0 = Release|Any CPU
		{4E17425A-2149-4817-B7D8-97FCD8F183F5}.Release|x64.ActiveCfg = Release|Any CPU
		{4E17425A-2149-4817-B7D8-97FCD8F183F5}.Release|x64.Build.0 = Release|Any CPU
		{4E17425A-2149-4817-B7D8-97FCD8F183F5}.Release|x86.ActiveCfg = Release|Any CPU
		{4E17425A-2149-4817-B7D8-97FCD8F183F5}.Release|x86.Build.0 = Release|Any CPU
		{C98BDDE8-AF52-4B4D-A386-BE7ED67C4A13}.Debug|Any CPU.ActiveCfg = Debug|Any CPU
		{C98BDDE8-AF52-4B4D-A386-BE7ED67C4A13}.Debug|Any CPU.Build.0 = Debug|Any CPU
		{C98BDDE8-AF52-4B4D-A386-BE7ED67C4A13}.Debug|x64.ActiveCfg = Debug|Any CPU
		{C98BDDE8-AF52-4B4D-A386-BE7ED67C4A13}.Debug|x64.Build.0 = Debug|Any CPU
		{C98BDDE8-AF52-4B4D-A386-BE7ED67C4A13}.Debug|x86.ActiveCfg = Debug|Any CPU
		{C98BDDE8-AF52-4B4D-A386-BE7ED67C4A13}.Debug|x86.Build.0 = Debug|Any CPU
		{C98BDDE8-AF52-4B4D-A386-BE7ED67C4A13}.Release|Any CPU.ActiveCfg = Release|Any CPU
		{C98BDDE8-AF52-4B4D-A386-BE7ED67C4A13}.Release|Any CPU.Build.0 = Release|Any CPU
		{C98BDDE8-AF52-4B4D-A386-BE7ED67C4A13}.Release|x64.ActiveCfg = Release|Any CPU
		{C98BDDE8-AF52-4B4D-A386-BE7ED67C4A13}.Release|x64.Build.0 = Release|Any CPU
		{C98BDDE8-AF52-4B4D-A386-BE7ED67C4A13}.Release|x86.ActiveCfg = Release|Any CPU
		{C98BDDE8-AF52-4B4D-A386-BE7ED67C4A13}.Release|x86.Build.0 = Release|Any CPU
		{CE4CBC09-1E9C-41C6-813A-AC59C83CDB37}.Debug|Any CPU.ActiveCfg = Debug|Any CPU
		{CE4CBC09-1E9C-41C6-813A-AC59C83CDB37}.Debug|Any CPU.Build.0 = Debug|Any CPU
		{CE4CBC09-1E9C-41C6-813A-AC59C83CDB37}.Debug|x64.ActiveCfg = Debug|Any CPU
		{CE4CBC09-1E9C-41C6-813A-AC59C83CDB37}.Debug|x64.Build.0 = Debug|Any CPU
		{CE4CBC09-1E9C-41C6-813A-AC59C83CDB37}.Debug|x86.ActiveCfg = Debug|Any CPU
		{CE4CBC09-1E9C-41C6-813A-AC59C83CDB37}.Debug|x86.Build.0 = Debug|Any CPU
		{CE4CBC09-1E9C-41C6-813A-AC59C83CDB37}.Release|Any CPU.ActiveCfg = Release|Any CPU
		{CE4CBC09-1E9C-41C6-813A-AC59C83CDB37}.Release|Any CPU.Build.0 = Release|Any CPU
		{CE4CBC09-1E9C-41C6-813A-AC59C83CDB37}.Release|x64.ActiveCfg = Release|Any CPU
		{CE4CBC09-1E9C-41C6-813A-AC59C83CDB37}.Release|x64.Build.0 = Release|Any CPU
		{CE4CBC09-1E9C-41C6-813A-AC59C83CDB37}.Release|x86.ActiveCfg = Release|Any CPU
		{CE4CBC09-1E9C-41C6-813A-AC59C83CDB37}.Release|x86.Build.0 = Release|Any CPU
		{9403A9C2-79B8-40AE-9AEB-9FEE0499327A}.Debug|Any CPU.ActiveCfg = Debug|Any CPU
		{9403A9C2-79B8-40AE-9AEB-9FEE0499327A}.Debug|Any CPU.Build.0 = Debug|Any CPU
		{9403A9C2-79B8-40AE-9AEB-9FEE0499327A}.Debug|x64.ActiveCfg = Debug|Any CPU
		{9403A9C2-79B8-40AE-9AEB-9FEE0499327A}.Debug|x64.Build.0 = Debug|Any CPU
		{9403A9C2-79B8-40AE-9AEB-9FEE0499327A}.Debug|x86.ActiveCfg = Debug|Any CPU
		{9403A9C2-79B8-40AE-9AEB-9FEE0499327A}.Debug|x86.Build.0 = Debug|Any CPU
		{9403A9C2-79B8-40AE-9AEB-9FEE0499327A}.Release|Any CPU.ActiveCfg = Release|Any CPU
		{9403A9C2-79B8-40AE-9AEB-9FEE0499327A}.Release|Any CPU.Build.0 = Release|Any CPU
		{9403A9C2-79B8-40AE-9AEB-9FEE0499327A}.Release|x64.ActiveCfg = Release|Any CPU
		{9403A9C2-79B8-40AE-9AEB-9FEE0499327A}.Release|x64.Build.0 = Release|Any CPU
		{9403A9C2-79B8-40AE-9AEB-9FEE0499327A}.Release|x86.ActiveCfg = Release|Any CPU
		{9403A9C2-79B8-40AE-9AEB-9FEE0499327A}.Release|x86.Build.0 = Release|Any CPU
		{BCF970CC-5E2B-4973-8BC7-ACC84DC3723B}.Debug|Any CPU.ActiveCfg = Debug|Any CPU
		{BCF970CC-5E2B-4973-8BC7-ACC84DC3723B}.Debug|Any CPU.Build.0 = Debug|Any CPU
		{BCF970CC-5E2B-4973-8BC7-ACC84DC3723B}.Debug|x64.ActiveCfg = Debug|Any CPU
		{BCF970CC-5E2B-4973-8BC7-ACC84DC3723B}.Debug|x64.Build.0 = Debug|Any CPU
		{BCF970CC-5E2B-4973-8BC7-ACC84DC3723B}.Debug|x86.ActiveCfg = Debug|Any CPU
		{BCF970CC-5E2B-4973-8BC7-ACC84DC3723B}.Debug|x86.Build.0 = Debug|Any CPU
		{BCF970CC-5E2B-4973-8BC7-ACC84DC3723B}.Release|Any CPU.ActiveCfg = Release|Any CPU
		{BCF970CC-5E2B-4973-8BC7-ACC84DC3723B}.Release|Any CPU.Build.0 = Release|Any CPU
		{BCF970CC-5E2B-4973-8BC7-ACC84DC3723B}.Release|x64.ActiveCfg = Release|Any CPU
		{BCF970CC-5E2B-4973-8BC7-ACC84DC3723B}.Release|x64.Build.0 = Release|Any CPU
		{BCF970CC-5E2B-4973-8BC7-ACC84DC3723B}.Release|x86.ActiveCfg = Release|Any CPU
		{BCF970CC-5E2B-4973-8BC7-ACC84DC3723B}.Release|x86.Build.0 = Release|Any CPU
		{85938F3C-C336-4AA3-A676-2119F1741DE7}.Debug|Any CPU.ActiveCfg = Debug|Any CPU
		{85938F3C-C336-4AA3-A676-2119F1741DE7}.Debug|Any CPU.Build.0 = Debug|Any CPU
		{85938F3C-C336-4AA3-A676-2119F1741DE7}.Debug|x64.ActiveCfg = Debug|Any CPU
		{85938F3C-C336-4AA3-A676-2119F1741DE7}.Debug|x64.Build.0 = Debug|Any CPU
		{85938F3C-C336-4AA3-A676-2119F1741DE7}.Debug|x86.ActiveCfg = Debug|Any CPU
		{85938F3C-C336-4AA3-A676-2119F1741DE7}.Debug|x86.Build.0 = Debug|Any CPU
		{85938F3C-C336-4AA3-A676-2119F1741DE7}.Release|Any CPU.ActiveCfg = Release|Any CPU
		{85938F3C-C336-4AA3-A676-2119F1741DE7}.Release|Any CPU.Build.0 = Release|Any CPU
		{85938F3C-C336-4AA3-A676-2119F1741DE7}.Release|x64.ActiveCfg = Release|Any CPU
		{85938F3C-C336-4AA3-A676-2119F1741DE7}.Release|x64.Build.0 = Release|Any CPU
		{85938F3C-C336-4AA3-A676-2119F1741DE7}.Release|x86.ActiveCfg = Release|Any CPU
		{85938F3C-C336-4AA3-A676-2119F1741DE7}.Release|x86.Build.0 = Release|Any CPU
	EndGlobalSection
	GlobalSection(NestedProjects) = preSolution
		{1ADB2163-E715-4FCE-B2AE-C745E9BDDAC1} = {FCE13983-E3AC-4A72-8A77-EEBB7FFF1EF6}
		{E270AA44-8009-40DD-A15D-E6BAFC642C39} = {79F7C901-9315-484F-A575-E0F1D65B1BCE}
		{4E17425A-2149-4817-B7D8-97FCD8F183F5} = {44CA5439-9907-4FB5-ACA7-992989C81D10}
		{C98BDDE8-AF52-4B4D-A386-BE7ED67C4A13} = {35809364-654E-4258-9746-E154912E60F6}
		{CE4CBC09-1E9C-41C6-813A-AC59C83CDB37} = {DFF162B4-450A-422B-AE4F-B4B26FE86CC1}
		{9403A9C2-79B8-40AE-9AEB-9FEE0499327A} = {C36294E1-96EC-448C-9D63-231BFFA0DCED}
		{BCF970CC-5E2B-4973-8BC7-ACC84DC3723B} = {339856F4-8B7D-4019-834F-3D0EB5595367}
		{85938F3C-C336-4AA3-A676-2119F1741DE7} = {339856F4-8B7D-4019-834F-3D0EB5595367}
	EndGlobalSection
EndGlobal
